# THIS IS AN AUTOGENERATED FILE. DO NOT EDIT THIS FILE DIRECTLY.
# yarn lockfile v1


"@hono/node-server@^1.8.2":
  version "1.8.2"
  resolved "https://registry.npmjs.org/@hono/node-server/-/node-server-1.8.2.tgz"
  integrity sha512-h8l2TBLCPHZBUrrkosZ6L5CpBLj6zdESyF4B+zngiCDF7aZFQJ0alVbLx7jn8PCVi9EyoFf8a4hOZFi1tD95EA==

hono@^4.0.10:
  version "4.0.10"
  resolved "https://registry.npmjs.org/hono/-/hono-4.0.10.tgz"
  integrity sha512-sq0RFAC3Ij+bkhZu90EGAQnVI1EhohRsjo9BU+BjXLbC71GSy41JjsFqCeg8MRpO2Gdu0A4MXF5licO89tn/rw==
